
Microsoft Visual Studio Solution File, Format Version 12.00
# Visual Studio 15
VisualStudioVersion = 15.0.28307.102
MinimumVisualStudioVersion = 10.0.40219.1
Project("{FAE04EC0-301F-11D3-BF4B-00C04F79EFBC}") = "Fibonacci.Caching", "Fibonacci.Caching\Fibonacci.Caching.csproj", "{829F847E-7416-4760-BFFC-0E305C58ED4F}"
EndProject
Project("{FAE04EC0-301F-11D3-BF4B-00C04F79EFBC}") = "Fibonacci.ConsoleApp", "Fibonacci.ConsoleApp\Fibonacci.ConsoleApp.csproj", "{C28FBF1B-0D9D-4F01-A0D6-E4457D931AC8}"
EndProject
Project("{FAE04EC0-301F-11D3-BF4B-00C04F79EFBC}") = "NorthwindLibrary", "NorthwindLibrary\NorthwindLibrary.csproj", "{83072721-060E-4738-9ABD-7711C4F07ED2}"
EndProject
Project("{FAE04EC0-301F-11D3-BF4B-00C04F79EFBC}") = "CachingSolutionsSamples", "CachingSolutionsSamples\CachingSolutionsSamples.csproj", "{A4A4F6AE-04DA-439D-BFAD-BC373D9C869C}"
EndProject
Global
	GlobalSection(SolutionConfigurationPlatforms) = preSolution
		Debug|Any CPU = Debug|Any CPU
		Release|Any CPU = Release|Any CPU
	EndGlobalSection
	GlobalSection(ProjectConfigurationPlatforms) = postSolution
		{829F847E-7416-4760-BFFC-0E305C58ED4F}.Debug|Any CPU.ActiveCfg = Debug|Any CPU
		{829F847E-7416-4760-BFFC-0E305C58ED4F}.Debug|Any CPU.Build.0 = Debug|Any CPU
		{829F847E-7416-4760-BFFC-0E305C58ED4F}.Release|Any CPU.ActiveCfg = Release|Any CPU
		{829F847E-7416-4760-BFFC-0E305C58ED4F}.Release|Any CPU.Build.0 = Release|Any CPU
		{C28FBF1B-0D9D-4F01-A0D6-E4457D931AC8}.Debug|Any CPU.ActiveCfg = Debug|Any CPU
		{C28FBF1B-0D9D-4F01-A0D6-E4457D931AC8}.Debug|Any CPU.Build.0 = Debug|Any CPU
		{C28FBF1B-0D9D-4F01-A0D6-E4457D931AC8}.Release|Any CPU.ActiveCfg = Release|Any CPU
		{C28FBF1B-0D9D-4F01-A0D6-E4457D931AC8}.Release|Any CPU.Build.0 = Release|Any CPU
		{83072721-060E-4738-9ABD-7711C4F07ED2}.Debug|Any CPU.ActiveCfg = Debug|Any CPU
		{83072721-060E-4738-9ABD-7711C4F07ED2}.Debug|Any CPU.Build.0 = Debug|Any CPU
		{83072721-060E-4738-9ABD-7711C4F07ED2}.Release|Any CPU.ActiveCfg = Release|Any CPU
		{83072721-060E-4738-9ABD-7711C4F07ED2}.Release|Any CPU.Build.0 = Release|Any CPU
		{A4A4F6AE-04DA-439D-BFAD-BC373D9C869C}.Debug|Any CPU.ActiveCfg = Debug|Any CPU
		{A4A4F6AE-04DA-439D-BFAD-BC373D9C869C}.Debug|Any CPU.Build.0 = Debug|Any CPU
		{A4A4F6AE-04DA-439D-BFAD-BC373D9C869C}.Release|Any CPU.ActiveCfg = Release|Any CPU
		{A4A4F6AE-04DA-439D-BFAD-BC373D9C869C}.Release|Any CPU.Build.0 = Release|Any CPU
	EndGlobalSection
	GlobalSection(SolutionProperties) = preSolution
		HideSolutionNode = FALSE
	EndGlobalSection
	GlobalSection(ExtensibilityGlobals) = postSolution
		SolutionGuid = {4448F3AB-4772-4E56-8624-E2B5A71968D6}
	EndGlobalSection
EndGlobal
